
Microsoft Visual Studio Solution File, Format Version 12.00
# Visual Studio Version 17
VisualStudioVersion = 17.6.33801.468
MinimumVisualStudioVersion = 10.0.40219.1
Project("{9A19103F-16F7-4668-BE54-9A1E7A4F7556}") = "ACMDotNetCore.ConsoleApp", "ACMDotNetCore.ConsoleApp\ACMDotNetCore.ConsoleApp.csproj", "{E6F8C04E-8996-4AEE-B1BF-DAFA0790D0DA}"
EndProject
Project("{2150E333-8FDC-42A3-9474-1A3956D46DE8}") = "Document", "Document", "{BBE2729D-865E-4AD1-A1B3-FF9B34BCC3D9}"
	ProjectSection(SolutionItems) = preProject
		README.md = README.md
	EndProjectSection
EndProject
Project("{9A19103F-16F7-4668-BE54-9A1E7A4F7556}") = "ACMDotNetCore.RestApi", "ACMDotNetCore.RestApi\ACMDotNetCore.RestApi.csproj", "{0C9C8E65-D133-4128-B9E1-351B808F79D0}"
EndProject
Project("{9A19103F-16F7-4668-BE54-9A1E7A4F7556}") = "ACMDotNetCore.Shared", "ACMDotNetCore.Shared\ACMDotNetCore.Shared.csproj", "{2EE23F9A-B6AF-48BB-A826-2C453110DABF}"
EndProject
Project("{9A19103F-16F7-4668-BE54-9A1E7A4F7556}") = "ACMDotNetCore.RestAPIWithNLayer", "ACMDotNetCoreRestAPIWithNLayer\ACMDotNetCore.RestAPIWithNLayer.csproj", "{25187231-B303-479F-908C-961DBDBFBA66}"
EndProject
Project("{FAE04EC0-301F-11D3-BF4B-00C04F79EFBC}") = "ACMDotNetCore.ConsoleAppHttpClient", "ACMDotNetCore.ConsoleAppHttpClient\ACMDotNetCore.ConsoleAppHttpClient.csproj", "{A55F8A68-5DB8-4A79-9F4B-5112558F681E}"
EndProject
Global
	GlobalSection(SolutionConfigurationPlatforms) = preSolution
		Debug|Any CPU = Debug|Any CPU
		Release|Any CPU = Release|Any CPU
	EndGlobalSection
	GlobalSection(ProjectConfigurationPlatforms) = postSolution
		{E6F8C04E-8996-4AEE-B1BF-DAFA0790D0DA}.Debug|Any CPU.ActiveCfg = Debug|Any CPU
		{E6F8C04E-8996-4AEE-B1BF-DAFA0790D0DA}.Debug|Any CPU.Build.0 = Debug|Any CPU
		{E6F8C04E-8996-4AEE-B1BF-DAFA0790D0DA}.Release|Any CPU.ActiveCfg = Release|Any CPU
		{E6F8C04E-8996-4AEE-B1BF-DAFA0790D0DA}.Release|Any CPU.Build.0 = Release|Any CPU
		{0C9C8E65-D133-4128-B9E1-351B808F79D0}.Debug|Any CPU.ActiveCfg = Debug|Any CPU
		{0C9C8E65-D133-4128-B9E1-351B808F79D0}.Debug|Any CPU.Build.0 = Debug|Any CPU
		{0C9C8E65-D133-4128-B9E1-351B808F79D0}.Release|Any CPU.ActiveCfg = Release|Any CPU
		{0C9C8E65-D133-4128-B9E1-351B808F79D0}.Release|Any CPU.Build.0 = Release|Any CPU
		{2EE23F9A-B6AF-48BB-A826-2C453110DABF}.Debug|Any CPU.ActiveCfg = Debug|Any CPU
		{2EE23F9A-B6AF-48BB-A826-2C453110DABF}.Debug|Any CPU.Build.0 = Debug|Any CPU
		{2EE23F9A-B6AF-48BB-A826-2C453110DABF}.Release|Any CPU.ActiveCfg = Release|Any CPU
		{2EE23F9A-B6AF-48BB-A826-2C453110DABF}.Release|Any CPU.Build.0 = Release|Any CPU
		{25187231-B303-479F-908C-961DBDBFBA66}.Debug|Any CPU.ActiveCfg = Debug|Any CPU
		{25187231-B303-479F-908C-961DBDBFBA66}.Debug|Any CPU.Build.0 = Debug|Any CPU
		{25187231-B303-479F-908C-961DBDBFBA66}.Release|Any CPU.ActiveCfg = Release|Any CPU
		{25187231-B303-479F-908C-961DBDBFBA66}.Release|Any CPU.Build.0 = Release|Any CPU
		{A55F8A68-5DB8-4A79-9F4B-5112558F681E}.Debug|Any CPU.ActiveCfg = Debug|Any CPU
		{A55F8A68-5DB8-4A79-9F4B-5112558F681E}.Debug|Any CPU.Build.0 = Debug|Any CPU
		{A55F8A68-5DB8-4A79-9F4B-5112558F681E}.Release|Any CPU.ActiveCfg = Release|Any CPU
		{A55F8A68-5DB8-4A79-9F4B-5112558F681E}.Release|Any CPU.Build.0 = Release|Any CPU
	EndGlobalSection
	GlobalSection(SolutionProperties) = preSolution
		HideSolutionNode = FALSE
	EndGlobalSection
	GlobalSection(ExtensibilityGlobals) = postSolution
		SolutionGuid = {096EA676-07F4-45E9-9048-48FE94DC05E2}
	EndGlobalSection
EndGlobal
